
Microsoft Visual Studio Solution File, Format Version 12.00
# Visual Studio Version 17
VisualStudioVersion = 17.7.34202.233
MinimumVisualStudioVersion = 10.0.40219.1
Project("{FAE04EC0-301F-11D3-BF4B-00C04F79EFBC}") = "Primjer-1", "Primjer-1\Primjer-1.csproj", "{96CEB044-4560-45F3-B91E-AA0809E152D8}"
EndProject
Global
	GlobalSection(SolutionConfigurationPlatforms) = preSolution
		Debug|Any CPU = Debug|Any CPU
		Release|Any CPU = Release|Any CPU
	EndGlobalSection
	GlobalSection(ProjectConfigurationPlatforms) = postSolution
		{96CEB044-4560-45F3-B91E-AA0809E152D8}.Debug|Any CPU.ActiveCfg = Debug|Any CPU
		{96CEB044-4560-45F3-B91E-AA0809E152D8}.Debug|Any CPU.Build.0 = Debug|Any CPU
		{96CEB044-4560-45F3-B91E-AA0809E152D8}.Release|Any CPU.ActiveCfg = Release|Any CPU
		{96CEB044-4560-45F3-B91E-AA0809E152D8}.Release|Any CPU.Build.0 = Release|Any CPU
	EndGlobalSection
	GlobalSection(SolutionProperties) = preSolution
		HideSolutionNode = FALSE
	EndGlobalSection
	GlobalSection(ExtensibilityGlobals) = postSolution
		SolutionGuid = {B2D4F454-B246-4C59-A344-7B22EDD39F9C}
	EndGlobalSection
EndGlobal
